<?xml version="1.0" encoding="utf-8"?>
<Project ToolsVersion="4.0" xmlns="http://schemas.microsoft.com/developer/msbuild/2003">
  <ItemGroup>
    <Filter Include="源文件">
      <UniqueIdentifier>{4FC737F1-C7A5-4376-A066-2A32D752A2FF}</UniqueIdentifier>
      <Extensions>cpp;c;cc;cxx;def;odl;idl;hpj;bat;asm;asmx</Extensions>
    </Filter>
    <Filter Include="资源文件">
      <UniqueIdentifier>{67DA6AB6-F800-4c08-8B7A-83BB121AAD01}</UniqueIdentifier>
      <Extensions>rc;ico;cur;bmp;dlg;rc2;rct;bin;rgs;gif;jpg;jpeg;jpe;resx;tiff;tif;png;wav;mfcribbon-ms</Extensions>
    </Filter>
    <Filter Include="module">
      <UniqueIdentifier>{0c64a86f-856b-4c80-8bd5-c092733ade66}</UniqueIdentifier>
    </Filter>
    <Filter Include="module\lua">
      <UniqueIdentifier>{c7877628-4a6d-461e-b330-b1835f2ab48f}</UniqueIdentifier>
    </Filter>
    <Filter Include="lua-modules">
      <UniqueIdentifier>{fec36dac-6ebd-42b0-b73d-1658850abfa6}</UniqueIdentifier>
    </Filter>
    <Filter Include="base">
      <UniqueIdentifier>{19d5b7f5-0ec9-433c-95a6-b10fd185dbce}</UniqueIdentifier>
    </Filter>
    <Filter Include="module\tolua">
      <UniqueIdentifier>{7e243e22-838d-4639-b630-dc9764661357}</UniqueIdentifier>
    </Filter>
    <Filter Include="net">
      <UniqueIdentifier>{8ee391cd-5100-4617-8b6f-c1804b09645c}</UniqueIdentifier>
    </Filter>
    <Filter Include="lua-modules\net">
      <UniqueIdentifier>{c0267b87-320e-4581-a1f3-366196de096e}</UniqueIdentifier>
    </Filter>
    <Filter Include="lua-modules\net\libuv">
      <UniqueIdentifier>{a211c89c-c513-4a40-8ecc-736778f1e474}</UniqueIdentifier>
    </Filter>
    <Filter Include="lua-modules\net\libuv\include">
      <UniqueIdentifier>{7d56ff97-0af0-43ae-ae1d-bda925480320}</UniqueIdentifier>
    </Filter>
    <Filter Include="lua-modules\net\libuv\src">
      <UniqueIdentifier>{7181845b-ea63-4c71-9a69-674b28f1c253}</UniqueIdentifier>
    </Filter>
    <Filter Include="lua-modules\net\libuv\src\win">
      <UniqueIdentifier>{084e309f-ad0b-434f-96e7-e2beb757807b}</UniqueIdentifier>
    </Filter>
    <Filter Include="lua-modules\net\tcpSocket">
      <UniqueIdentifier>{8689a14a-1388-42d5-9537-64b6c5130c00}</UniqueIdentifier>
    </Filter>
    <Filter Include="lua-modules\lfs">
      <UniqueIdentifier>{1bc33916-1d4b-4afd-9b0d-9ab5d2823205}</UniqueIdentifier>
    </Filter>
    <Filter Include="lua-modules\pbc">
      <UniqueIdentifier>{07bf1188-0344-47f2-a3a8-8eb6ddd5906c}</UniqueIdentifier>
    </Filter>
    <Filter Include="lua-modules\pbc\binding">
      <UniqueIdentifier>{4ada0b01-17dc-4c1c-83dc-af5d2c0a8ee8}</UniqueIdentifier>
    </Filter>
    <Filter Include="lua-modules\pbc\binding\lua">
      <UniqueIdentifier>{7f8b4f9b-2f14-456b-a579-b208dc36bcdf}</UniqueIdentifier>
    </Filter>
    <Filter Include="lua-modules\pbc\pbc">
      <UniqueIdentifier>{5f213155-15c0-4ca6-b1ca-a68921651c01}</UniqueIdentifier>
    </Filter>
    <Filter Include="lua-modules\pbc\src">
      <UniqueIdentifier>{71a331a1-fb55-4a49-8601-c00ffbeb21c7}</UniqueIdentifier>
    </Filter>
    <Filter Include="lua-modules\glog">
      <UniqueIdentifier>{b8bec90c-7d48-40f2-a19e-0c049126b06b}</UniqueIdentifier>
    </Filter>
  </ItemGroup>
  <ItemGroup>
    <ClCompile Include="..\external\lfs\lfs.c">
      <Filter>lua-modules\lfs</Filter>
    </ClCompile>
    <ClCompile Include="..\external\lua\ldblib.c">
      <Filter>module\lua</Filter>
    </ClCompile>
    <ClCompile Include="..\external\lua\ldebug.c">
      <Filter>module\lua</Filter>
    </ClCompile>
    <ClCompile Include="..\external\lua\ldo.c">
      <Filter>module\lua</Filter>
    </ClCompile>
    <ClCompile Include="..\external\lua\ldump.c">
      <Filter>module\lua</Filter>
    </ClCompile>
    <ClCompile Include="..\external\lua\lfunc.c">
      <Filter>module\lua</Filter>
    </ClCompile>
    <ClCompile Include="..\external\lua\lgc.c">
      <Filter>module\lua</Filter>
    </ClCompile>
    <ClCompile Include="..\external\lua\linit.c">
      <Filter>module\lua</Filter>
    </ClCompile>
    <ClCompile Include="..\external\lua\liolib.c">
      <Filter>module\lua</Filter>
    </ClCompile>
    <ClCompile Include="..\external\lua\llex.c">
      <Filter>module\lua</Filter>
    </ClCompile>
    <ClCompile Include="..\external\lua\lmathlib.c">
      <Filter>module\lua</Filter>
    </ClCompile>
    <ClCompile Include="..\external\lua\lmem.c">
      <Filter>module\lua</Filter>
    </ClCompile>
    <ClCompile Include="..\external\lua\loadlib.c">
      <Filter>module\lua</Filter>
    </ClCompile>
    <ClCompile Include="..\external\lua\lobject.c">
      <Filter>module\lua</Filter>
    </ClCompile>
    <ClCompile Include="..\external\lua\lopcodes.c">
      <Filter>module\lua</Filter>
    </ClCompile>
    <ClCompile Include="..\external\lua\loslib.c">
      <Filter>module\lua</Filter>
    </ClCompile>
    <ClCompile Include="..\external\lua\lparser.c">
      <Filter>module\lua</Filter>
    </ClCompile>
    <ClCompile Include="..\external\lua\lstate.c">
      <Filter>module\lua</Filter>
    </ClCompile>
    <ClCompile Include="..\external\lua\lstring.c">
      <Filter>module\lua</Filter>
    </ClCompile>
    <ClCompile Include="..\external\lua\lstrlib.c">
      <Filter>module\lua</Filter>
    </ClCompile>
    <ClCompile Include="..\external\lua\ltable.c">
      <Filter>module\lua</Filter>
    </ClCompile>
    <ClCompile Include="..\external\lua\ltablib.c">
      <Filter>module\lua</Filter>
    </ClCompile>
    <ClCompile Include="..\external\lua\ltm.c">
      <Filter>module\lua</Filter>
    </ClCompile>
    <ClCompile Include="..\external\lua\lua.c">
      <Filter>module\lua</Filter>
    </ClCompile>
    <ClCompile Include="..\external\lua\lundump.c">
      <Filter>module\lua</Filter>
    </ClCompile>
    <ClCompile Include="..\external\lua\lvm.c">
      <Filter>module\lua</Filter>
    </ClCompile>
    <ClCompile Include="..\external\lua\lzio.c">
      <Filter>module\lua</Filter>
    </ClCompile>
    <ClCompile Include="..\external\lua\print.c">
      <Filter>module\lua</Filter>
    </ClCompile>
    <ClCompile Include="..\external\lua\lapi.c">
      <Filter>module\lua</Filter>
    </ClCompile>
    <ClCompile Include="..\external\lua\lauxlib.c">
      <Filter>module\lua</Filter>
    </ClCompile>
    <ClCompile Include="..\external\lua\lbaselib.c">
      <Filter>module\lua</Filter>
    </ClCompile>
    <ClCompile Include="..\external\lua\lcode.c">
      <Filter>module\lua</Filter>
    </ClCompile>
    <ClCompile Include="src\lua-modules\lua_modules.cpp">
      <Filter>lua-modules</Filter>
    </ClCompile>
    <ClCompile Include="..\external\tolua\tolua_push.c">
      <Filter>module\tolua</Filter>
    </ClCompile>
    <ClCompile Include="..\external\tolua\tolua_to.c">
      <Filter>module\tolua</Filter>
    </ClCompile>
    <ClCompile Include="..\external\tolua\tolua_event.c">
      <Filter>module\tolua</Filter>
    </ClCompile>
    <ClCompile Include="..\external\tolua\tolua_is.c">
      <Filter>module\tolua</Filter>
    </ClCompile>
    <ClCompile Include="..\external\tolua\tolua_map.c">
      <Filter>module\tolua</Filter>
    </ClCompile>
    <ClCompile Include="src\net\DUServer.cpp">
      <Filter>net</Filter>
    </ClCompile>
    <ClCompile Include="src\lua-modules\lua_dubase.cpp">
      <Filter>lua-modules</Filter>
    </ClCompile>
    <ClCompile Include="..\external\tolua\tolua_fix.cpp">
      <Filter>module\tolua</Filter>
    </ClCompile>
    <ClCompile Include="src\base\DUObject.cpp">
      <Filter>base</Filter>
    </ClCompile>
    <ClCompile Include="src\base\DUScheduler.cpp">
      <Filter>base</Filter>
    </ClCompile>
    <ClCompile Include="src\base\DUSchedulerTimer.cpp">
      <Filter>base</Filter>
    </ClCompile>
    <ClCompile Include="src\DUGame.cpp">
      <Filter>源文件</Filter>
    </ClCompile>
    <ClCompile Include="main.cpp">
      <Filter>源文件</Filter>
    </ClCompile>
    <ClCompile Include="..\..\client\frameworks\runtime-src\Classes\lua-modules\pbc\binding\lua\pbc-lua.c">
      <Filter>lua-modules\pbc\binding\lua</Filter>
    </ClCompile>
    <ClCompile Include="..\..\client\frameworks\runtime-src\Classes\lua-modules\pbc\src\pattern.cpp">
      <Filter>lua-modules\pbc\src</Filter>
    </ClCompile>
    <ClCompile Include="..\..\client\frameworks\runtime-src\Classes\lua-modules\pbc\src\proto.cpp">
      <Filter>lua-modules\pbc\src</Filter>
    </ClCompile>
    <ClCompile Include="..\..\client\frameworks\runtime-src\Classes\lua-modules\pbc\src\register.cpp">
      <Filter>lua-modules\pbc\src</Filter>
    </ClCompile>
    <ClCompile Include="..\..\client\frameworks\runtime-src\Classes\lua-modules\pbc\src\rmessage.cpp">
      <Filter>lua-modules\pbc\src</Filter>
    </ClCompile>
    <ClCompile Include="..\..\client\frameworks\runtime-src\Classes\lua-modules\pbc\src\stringpool.cpp">
      <Filter>lua-modules\pbc\src</Filter>
    </ClCompile>
    <ClCompile Include="..\..\client\frameworks\runtime-src\Classes\lua-modules\pbc\src\varint.cpp">
      <Filter>lua-modules\pbc\src</Filter>
    </ClCompile>
    <ClCompile Include="..\..\client\frameworks\runtime-src\Classes\lua-modules\pbc\src\wmessage.cpp">
      <Filter>lua-modules\pbc\src</Filter>
    </ClCompile>
    <ClCompile Include="..\..\client\frameworks\runtime-src\Classes\lua-modules\pbc\src\alloc.cpp">
      <Filter>lua-modules\pbc\src</Filter>
    </ClCompile>
    <ClCompile Include="..\..\client\frameworks\runtime-src\Classes\lua-modules\pbc\src\array.cpp">
      <Filter>lua-modules\pbc\src</Filter>
    </ClCompile>
    <ClCompile Include="..\..\client\frameworks\runtime-src\Classes\lua-modules\pbc\src\bootstrap.cpp">
      <Filter>lua-modules\pbc\src</Filter>
    </ClCompile>
    <ClCompile Include="..\..\client\frameworks\runtime-src\Classes\lua-modules\pbc\src\context.cpp">
      <Filter>lua-modules\pbc\src</Filter>
    </ClCompile>
    <ClCompile Include="..\..\client\frameworks\runtime-src\Classes\lua-modules\pbc\src\decode.cpp">
      <Filter>lua-modules\pbc\src</Filter>
    </ClCompile>
    <ClCompile Include="..\..\client\frameworks\runtime-src\Classes\lua-modules\pbc\src\map.cpp">
      <Filter>lua-modules\pbc\src</Filter>
    </ClCompile>
    <ClCompile Include="..\..\client\frameworks\runtime-src\Classes\lua-modules\net\libuv\src\inet.c">
      <Filter>lua-modules\net\libuv\src</Filter>
    </ClCompile>
    <ClCompile Include="..\..\client\frameworks\runtime-src\Classes\lua-modules\net\libuv\src\threadpool.c">
      <Filter>lua-modules\net\libuv\src</Filter>
    </ClCompile>
    <ClCompile Include="..\..\client\frameworks\runtime-src\Classes\lua-modules\net\libuv\src\uv-common.c">
      <Filter>lua-modules\net\libuv\src</Filter>
    </ClCompile>
    <ClCompile Include="..\..\client\frameworks\runtime-src\Classes\lua-modules\net\libuv\src\uv-data-getter-setters.c">
      <Filter>lua-modules\net\libuv\src</Filter>
    </ClCompile>
    <ClCompile Include="..\..\client\frameworks\runtime-src\Classes\lua-modules\net\libuv\src\version.c">
      <Filter>lua-modules\net\libuv\src</Filter>
    </ClCompile>
    <ClCompile Include="..\..\client\frameworks\runtime-src\Classes\lua-modules\net\libuv\src\fs-poll.c">
      <Filter>lua-modules\net\libuv\src</Filter>
    </ClCompile>
    <ClCompile Include="..\..\client\frameworks\runtime-src\Classes\lua-modules\net\libuv\src\win\error.c">
      <Filter>lua-modules\net\libuv\src\win</Filter>
    </ClCompile>
    <ClCompile Include="..\..\client\frameworks\runtime-src\Classes\lua-modules\net\libuv\src\win\fs.c">
      <Filter>lua-modules\net\libuv\src\win</Filter>
    </ClCompile>
    <ClCompile Include="..\..\client\frameworks\runtime-src\Classes\lua-modules\net\libuv\src\win\fs-event.c">
      <Filter>lua-modules\net\libuv\src\win</Filter>
    </ClCompile>
    <ClCompile Include="..\..\client\frameworks\runtime-src\Classes\lua-modules\net\libuv\src\win\getaddrinfo.c">
      <Filter>lua-modules\net\libuv\src\win</Filter>
    </ClCompile>
    <ClCompile Include="..\..\client\frameworks\runtime-src\Classes\lua-modules\net\libuv\src\win\getnameinfo.c">
      <Filter>lua-modules\net\libuv\src\win</Filter>
    </ClCompile>
    <ClCompile Include="..\..\client\frameworks\runtime-src\Classes\lua-modules\net\libuv\src\win\handle.c">
      <Filter>lua-modules\net\libuv\src\win</Filter>
    </ClCompile>
    <ClCompile Include="..\..\client\frameworks\runtime-src\Classes\lua-modules\net\libuv\src\win\loop-watcher.c">
      <Filter>lua-modules\net\libuv\src\win</Filter>
    </ClCompile>
    <ClCompile Include="..\..\client\frameworks\runtime-src\Classes\lua-modules\net\libuv\src\win\pipe.c">
      <Filter>lua-modules\net\libuv\src\win</Filter>
    </ClCompile>
    <ClCompile Include="..\..\client\frameworks\runtime-src\Classes\lua-modules\net\libuv\src\win\poll.c">
      <Filter>lua-modules\net\libuv\src\win</Filter>
    </ClCompile>
    <ClCompile Include="..\..\client\frameworks\runtime-src\Classes\lua-modules\net\libuv\src\win\process.c">
      <Filter>lua-modules\net\libuv\src\win</Filter>
    </ClCompile>
    <ClCompile Include="..\..\client\frameworks\runtime-src\Classes\lua-modules\net\libuv\src\win\process-stdio.c">
      <Filter>lua-modules\net\libuv\src\win</Filter>
    </ClCompile>
    <ClCompile Include="..\..\client\frameworks\runtime-src\Classes\lua-modules\net\libuv\src\win\req.c">
      <Filter>lua-modules\net\libuv\src\win</Filter>
    </ClCompile>
    <ClCompile Include="..\..\client\frameworks\runtime-src\Classes\lua-modules\net\libuv\src\win\signal.c">
      <Filter>lua-modules\net\libuv\src\win</Filter>
    </ClCompile>
    <ClCompile Include="..\..\client\frameworks\runtime-src\Classes\lua-modules\net\libuv\src\win\snprintf.c">
      <Filter>lua-modules\net\libuv\src\win</Filter>
    </ClCompile>
    <ClCompile Include="..\..\client\frameworks\runtime-src\Classes\lua-modules\net\libuv\src\win\stream.c">
      <Filter>lua-modules\net\libuv\src\win</Filter>
    </ClCompile>
    <ClCompile Include="..\..\client\frameworks\runtime-src\Classes\lua-modules\net\libuv\src\win\tcp.c">
      <Filter>lua-modules\net\libuv\src\win</Filter>
    </ClCompile>
    <ClCompile Include="..\..\client\frameworks\runtime-src\Classes\lua-modules\net\libuv\src\win\thread.c">
      <Filter>lua-modules\net\libuv\src\win</Filter>
    </ClCompile>
    <ClCompile Include="..\..\client\frameworks\runtime-src\Classes\lua-modules\net\libuv\src\win\timer.c">
      <Filter>lua-modules\net\libuv\src\win</Filter>
    </ClCompile>
    <ClCompile Include="..\..\client\frameworks\runtime-src\Classes\lua-modules\net\libuv\src\win\tty.c">
      <Filter>lua-modules\net\libuv\src\win</Filter>
    </ClCompile>
    <ClCompile Include="..\..\client\frameworks\runtime-src\Classes\lua-modules\net\libuv\src\win\udp.c">
      <Filter>lua-modules\net\libuv\src\win</Filter>
    </ClCompile>
    <ClCompile Include="..\..\client\frameworks\runtime-src\Classes\lua-modules\net\libuv\src\win\util.c">
      <Filter>lua-modules\net\libuv\src\win</Filter>
    </ClCompile>
    <ClCompile Include="..\..\client\frameworks\runtime-src\Classes\lua-modules\net\libuv\src\win\winapi.c">
      <Filter>lua-modules\net\libuv\src\win</Filter>
    </ClCompile>
    <ClCompile Include="..\..\client\frameworks\runtime-src\Classes\lua-modules\net\libuv\src\win\winsock.c">
      <Filter>lua-modules\net\libuv\src\win</Filter>
    </ClCompile>
    <ClCompile Include="..\..\client\frameworks\runtime-src\Classes\lua-modules\net\libuv\src\win\async.c">
      <Filter>lua-modules\net\libuv\src\win</Filter>
    </ClCompile>
    <ClCompile Include="..\..\client\frameworks\runtime-src\Classes\lua-modules\net\libuv\src\win\core.c">
      <Filter>lua-modules\net\libuv\src\win</Filter>
    </ClCompile>
    <ClCompile Include="..\..\client\frameworks\runtime-src\Classes\lua-modules\net\libuv\src\win\detect-wakeup.c">
      <Filter>lua-modules\net\libuv\src\win</Filter>
    </ClCompile>
    <ClCompile Include="..\..\client\frameworks\runtime-src\Classes\lua-modules\net\libuv\src\win\dl.c">
      <Filter>lua-modules\net\libuv\src\win</Filter>
    </ClCompile>
    <ClCompile Include="..\..\client\frameworks\runtime-src\Classes\lua-modules\net\tcpSocket\md5.cpp">
      <Filter>lua-modules\net\tcpSocket</Filter>
    </ClCompile>
    <ClCompile Include="..\..\client\frameworks\runtime-src\Classes\lua-modules\net\tcpSocket\TCPClient.cpp">
      <Filter>lua-modules\net\tcpSocket</Filter>
    </ClCompile>
    <ClCompile Include="..\..\client\frameworks\runtime-src\Classes\lua-modules\net\tcpSocket\TCPCommon.cpp">
      <Filter>lua-modules\net\tcpSocket</Filter>
    </ClCompile>
    <ClCompile Include="..\..\client\frameworks\runtime-src\Classes\lua-modules\net\tcpSocket\TCPServer.cpp">
      <Filter>lua-modules\net\tcpSocket</Filter>
    </ClCompile>
    <ClCompile Include="..\..\client\frameworks\runtime-src\Classes\lua-modules\net\tcpSocket\TCPSocket.cpp">
      <Filter>lua-modules\net\tcpSocket</Filter>
    </ClCompile>
    <ClCompile Include="..\..\client\frameworks\runtime-src\Classes\lua-modules\net\tcpSocket\TCPUtils.cpp">
      <Filter>lua-modules\net\tcpSocket</Filter>
    </ClCompile>
    <ClCompile Include="..\..\client\frameworks\runtime-src\Classes\lua-modules\LuaFunction.cpp">
      <Filter>lua-modules</Filter>
    </ClCompile>
    <ClCompile Include="..\..\client\frameworks\runtime-src\Classes\lua-modules\net\lua_net.cpp">
      <Filter>lua-modules\net</Filter>
    </ClCompile>
    <ClCompile Include="src\DULuaprint.cpp">
      <Filter>源文件</Filter>
    </ClCompile>
    <ClCompile Include="src\lua-modules\lua_glog.cpp">
      <Filter>lua-modules\glog</Filter>
    </ClCompile>
  </ItemGroup>
  <ItemGroup>
    <ClInclude Include="..\external\lfs\lfs.h">
      <Filter>lua-modules\lfs</Filter>
    </ClInclude>
    <ClInclude Include="..\external\lua\lcode.h">
      <Filter>module\lua</Filter>
    </ClInclude>
    <ClInclude Include="..\external\lua\ldebug.h">
      <Filter>module\lua</Filter>
    </ClInclude>
    <ClInclude Include="..\external\lua\ldo.h">
      <Filter>module\lua</Filter>
    </ClInclude>
    <ClInclude Include="..\external\lua\lfunc.h">
      <Filter>module\lua</Filter>
    </ClInclude>
    <ClInclude Include="..\external\lua\lgc.h">
      <Filter>module\lua</Filter>
    </ClInclude>
    <ClInclude Include="..\external\lua\llex.h">
      <Filter>module\lua</Filter>
    </ClInclude>
    <ClInclude Include="..\external\lua\llimits.h">
      <Filter>module\lua</Filter>
    </ClInclude>
    <ClInclude Include="..\external\lua\lmem.h">
      <Filter>module\lua</Filter>
    </ClInclude>
    <ClInclude Include="..\external\lua\lobject.h">
      <Filter>module\lua</Filter>
    </ClInclude>
    <ClInclude Include="..\external\lua\lopcodes.h">
      <Filter>module\lua</Filter>
    </ClInclude>
    <ClInclude Include="..\external\lua\lparser.h">
      <Filter>module\lua</Filter>
    </ClInclude>
    <ClInclude Include="..\external\lua\lstate.h">
      <Filter>module\lua</Filter>
    </ClInclude>
    <ClInclude Include="..\external\lua\lstring.h">
      <Filter>module\lua</Filter>
    </ClInclude>
    <ClInclude Include="..\external\lua\ltable.h">
      <Filter>module\lua</Filter>
    </ClInclude>
    <ClInclude Include="..\external\lua\ltm.h">
      <Filter>module\lua</Filter>
    </ClInclude>
    <ClInclude Include="..\external\lua\lua.h">
      <Filter>module\lua</Filter>
    </ClInclude>
    <ClInclude Include="..\external\lua\lua.hpp">
      <Filter>module\lua</Filter>
    </ClInclude>
    <ClInclude Include="..\external\lua\luaconf.h">
      <Filter>module\lua</Filter>
    </ClInclude>
    <ClInclude Include="..\external\lua\lualib.h">
      <Filter>module\lua</Filter>
    </ClInclude>
    <ClInclude Include="..\external\lua\lundump.h">
      <Filter>module\lua</Filter>
    </ClInclude>
    <ClInclude Include="..\external\lua\lvm.h">
      <Filter>module\lua</Filter>
    </ClInclude>
    <ClInclude Include="..\external\lua\lzio.h">
      <Filter>module\lua</Filter>
    </ClInclude>
    <ClInclude Include="..\external\lua\lapi.h">
      <Filter>module\lua</Filter>
    </ClInclude>
    <ClInclude Include="..\external\lua\lauxlib.h">
      <Filter>module\lua</Filter>
    </ClInclude>
    <ClInclude Include="src\lua-modules\lua_modules.h">
      <Filter>lua-modules</Filter>
    </ClInclude>
    <ClInclude Include="..\external\tolua\tolua++.h">
      <Filter>module\tolua</Filter>
    </ClInclude>
    <ClInclude Include="..\external\tolua\tolua_event.h">
      <Filter>module\tolua</Filter>
    </ClInclude>
    <ClInclude Include="src\net\DUServer.h">
      <Filter>net</Filter>
    </ClInclude>
    <ClInclude Include="src\lua-modules\lua_dubase.h">
      <Filter>lua-modules</Filter>
    </ClInclude>
    <ClInclude Include="..\external\tolua\tolua_fix.h">
      <Filter>module\tolua</Filter>
    </ClInclude>
    <ClInclude Include="src\base\DUSchedulerTimer.h">
      <Filter>base</Filter>
    </ClInclude>
    <ClInclude Include="src\base\DUSmartPtr.h">
      <Filter>base</Filter>
    </ClInclude>
    <ClInclude Include="src\base\uthash.h">
      <Filter>base</Filter>
    </ClInclude>
    <ClInclude Include="src\base\DUObject.h">
      <Filter>base</Filter>
    </ClInclude>
    <ClInclude Include="src\base\DUScheduler.h">
      <Filter>base</Filter>
    </ClInclude>
    <ClInclude Include="src\DUGame.h">
      <Filter>源文件</Filter>
    </ClInclude>
    <ClInclude Include="..\..\client\frameworks\runtime-src\Classes\lua-modules\pbc\src\map.h">
      <Filter>lua-modules\pbc\src</Filter>
    </ClInclude>
    <ClInclude Include="..\..\client\frameworks\runtime-src\Classes\lua-modules\pbc\src\pattern.h">
      <Filter>lua-modules\pbc\src</Filter>
    </ClInclude>
    <ClInclude Include="..\..\client\frameworks\runtime-src\Classes\lua-modules\pbc\src\proto.h">
      <Filter>lua-modules\pbc\src</Filter>
    </ClInclude>
    <ClInclude Include="..\..\client\frameworks\runtime-src\Classes\lua-modules\pbc\src\stringpool.h">
      <Filter>lua-modules\pbc\src</Filter>
    </ClInclude>
    <ClInclude Include="..\..\client\frameworks\runtime-src\Classes\lua-modules\pbc\src\varint.h">
      <Filter>lua-modules\pbc\src</Filter>
    </ClInclude>
    <ClInclude Include="..\..\client\frameworks\runtime-src\Classes\lua-modules\pbc\src\alloc.h">
      <Filter>lua-modules\pbc\src</Filter>
    </ClInclude>
    <ClInclude Include="..\..\client\frameworks\runtime-src\Classes\lua-modules\pbc\src\array.h">
      <Filter>lua-modules\pbc\src</Filter>
    </ClInclude>
    <ClInclude Include="..\..\client\frameworks\runtime-src\Classes\lua-modules\pbc\src\bootstrap.h">
      <Filter>lua-modules\pbc\src</Filter>
    </ClInclude>
    <ClInclude Include="..\..\client\frameworks\runtime-src\Classes\lua-modules\pbc\src\context.h">
      <Filter>lua-modules\pbc\src</Filter>
    </ClInclude>
    <ClInclude Include="..\..\client\frameworks\runtime-src\Classes\lua-modules\pbc\src\descriptor.pbc.h">
      <Filter>lua-modules\pbc\src</Filter>
    </ClInclude>
    <ClInclude Include="..\..\client\frameworks\runtime-src\Classes\lua-modules\net\libuv\include\uv-os390.h">
      <Filter>lua-modules\net\libuv\include</Filter>
    </ClInclude>
    <ClInclude Include="..\..\client\frameworks\runtime-src\Classes\lua-modules\net\libuv\include\uv-posix.h">
      <Filter>lua-modules\net\libuv\include</Filter>
    </ClInclude>
    <ClInclude Include="..\..\client\frameworks\runtime-src\Classes\lua-modules\net\libuv\include\uv-sunos.h">
      <Filter>lua-modules\net\libuv\include</Filter>
    </ClInclude>
    <ClInclude Include="..\..\client\frameworks\runtime-src\Classes\lua-modules\net\libuv\include\uv-threadpool.h">
      <Filter>lua-modules\net\libuv\include</Filter>
    </ClInclude>
    <ClInclude Include="..\..\client\frameworks\runtime-src\Classes\lua-modules\net\libuv\include\uv-unix.h">
      <Filter>lua-modules\net\libuv\include</Filter>
    </ClInclude>
    <ClInclude Include="..\..\client\frameworks\runtime-src\Classes\lua-modules\net\libuv\include\uv-version.h">
      <Filter>lua-modules\net\libuv\include</Filter>
    </ClInclude>
    <ClInclude Include="..\..\client\frameworks\runtime-src\Classes\lua-modules\net\libuv\include\uv-win.h">
      <Filter>lua-modules\net\libuv\include</Filter>
    </ClInclude>
    <ClInclude Include="..\..\client\frameworks\runtime-src\Classes\lua-modules\net\libuv\include\android-ifaddrs.h">
      <Filter>lua-modules\net\libuv\include</Filter>
    </ClInclude>
    <ClInclude Include="..\..\client\frameworks\runtime-src\Classes\lua-modules\net\libuv\include\pthread-barrier.h">
      <Filter>lua-modules\net\libuv\include</Filter>
    </ClInclude>
    <ClInclude Include="..\..\client\frameworks\runtime-src\Classes\lua-modules\net\libuv\include\stdint-msvc2008.h">
      <Filter>lua-modules\net\libuv\include</Filter>
    </ClInclude>
    <ClInclude Include="..\..\client\frameworks\runtime-src\Classes\lua-modules\net\libuv\include\tree.h">
      <Filter>lua-modules\net\libuv\include</Filter>
    </ClInclude>
    <ClInclude Include="..\..\client\frameworks\runtime-src\Classes\lua-modules\net\libuv\include\uv.h">
      <Filter>lua-modules\net\libuv\include</Filter>
    </ClInclude>
    <ClInclude Include="..\..\client\frameworks\runtime-src\Classes\lua-modules\net\libuv\include\uv-aix.h">
      <Filter>lua-modules\net\libuv\include</Filter>
    </ClInclude>
    <ClInclude Include="..\..\client\frameworks\runtime-src\Classes\lua-modules\net\libuv\include\uv-bsd.h">
      <Filter>lua-modules\net\libuv\include</Filter>
    </ClInclude>
    <ClInclude Include="..\..\client\frameworks\runtime-src\Classes\lua-modules\net\libuv\include\uv-darwin.h">
      <Filter>lua-modules\net\libuv\include</Filter>
    </ClInclude>
    <ClInclude Include="..\..\client\frameworks\runtime-src\Classes\lua-modules\net\libuv\include\uv-errno.h">
      <Filter>lua-modules\net\libuv\include</Filter>
    </ClInclude>
    <ClInclude Include="..\..\client\frameworks\runtime-src\Classes\lua-modules\net\libuv\include\uv-linux.h">
      <Filter>lua-modules\net\libuv\include</Filter>
    </ClInclude>
    <ClInclude Include="..\..\client\frameworks\runtime-src\Classes\lua-modules\net\libuv\src\heap-inl.h">
      <Filter>lua-modules\net\libuv\src</Filter>
    </ClInclude>
    <ClInclude Include="..\..\client\frameworks\runtime-src\Classes\lua-modules\net\libuv\src\queue.h">
      <Filter>lua-modules\net\libuv\src</Filter>
    </ClInclude>
    <ClInclude Include="..\..\client\frameworks\runtime-src\Classes\lua-modules\net\libuv\src\uv-common.h">
      <Filter>lua-modules\net\libuv\src</Filter>
    </ClInclude>
    <ClInclude Include="..\..\client\frameworks\runtime-src\Classes\lua-modules\net\libuv\src\win\handle-inl.h">
      <Filter>lua-modules\net\libuv\src\win</Filter>
    </ClInclude>
    <ClInclude Include="..\..\client\frameworks\runtime-src\Classes\lua-modules\net\libuv\src\win\internal.h">
      <Filter>lua-modules\net\libuv\src\win</Filter>
    </ClInclude>
    <ClInclude Include="..\..\client\frameworks\runtime-src\Classes\lua-modules\net\libuv\src\win\req-inl.h">
      <Filter>lua-modules\net\libuv\src\win</Filter>
    </ClInclude>
    <ClInclude Include="..\..\client\frameworks\runtime-src\Classes\lua-modules\net\libuv\src\win\stream-inl.h">
      <Filter>lua-modules\net\libuv\src\win</Filter>
    </ClInclude>
    <ClInclude Include="..\..\client\frameworks\runtime-src\Classes\lua-modules\net\libuv\src\win\winapi.h">
      <Filter>lua-modules\net\libuv\src\win</Filter>
    </ClInclude>
    <ClInclude Include="..\..\client\frameworks\runtime-src\Classes\lua-modules\net\libuv\src\win\winsock.h">
      <Filter>lua-modules\net\libuv\src\win</Filter>
    </ClInclude>
    <ClInclude Include="..\..\client\frameworks\runtime-src\Classes\lua-modules\net\libuv\src\win\atomicops-inl.h">
      <Filter>lua-modules\net\libuv\src\win</Filter>
    </ClInclude>
    <ClInclude Include="..\..\client\frameworks\runtime-src\Classes\lua-modules\net\tcpSocket\md5.h">
      <Filter>lua-modules\net\tcpSocket</Filter>
    </ClInclude>
    <ClInclude Include="..\..\client\frameworks\runtime-src\Classes\lua-modules\net\tcpSocket\TCPBuffer.h">
      <Filter>lua-modules\net\tcpSocket</Filter>
    </ClInclude>
    <ClInclude Include="..\..\client\frameworks\runtime-src\Classes\lua-modules\net\tcpSocket\TCPClient.h">
      <Filter>lua-modules\net\tcpSocket</Filter>
    </ClInclude>
    <ClInclude Include="..\..\client\frameworks\runtime-src\Classes\lua-modules\net\tcpSocket\TCPCommon.h">
      <Filter>lua-modules\net\tcpSocket</Filter>
    </ClInclude>
    <ClInclude Include="..\..\client\frameworks\runtime-src\Classes\lua-modules\net\tcpSocket\TCPServer.h">
      <Filter>lua-modules\net\tcpSocket</Filter>
    </ClInclude>
    <ClInclude Include="..\..\client\frameworks\runtime-src\Classes\lua-modules\net\tcpSocket\TCPSocket.h">
      <Filter>lua-modules\net\tcpSocket</Filter>
    </ClInclude>
    <ClInclude Include="..\..\client\frameworks\runtime-src\Classes\lua-modules\net\tcpSocket\TCPUtils.h">
      <Filter>lua-modules\net\tcpSocket</Filter>
    </ClInclude>
    <ClInclude Include="..\..\client\frameworks\runtime-src\Classes\lua-modules\net\tcpSocket\ThreadMsg.h">
      <Filter>lua-modules\net\tcpSocket</Filter>
    </ClInclude>
    <ClInclude Include="..\..\client\frameworks\runtime-src\Classes\lua-modules\LuaFunction.hpp">
      <Filter>lua-modules</Filter>
    </ClInclude>
    <ClInclude Include="..\..\client\frameworks\runtime-src\Classes\lua-modules\net\lua_net.h">
      <Filter>lua-modules\net</Filter>
    </ClInclude>
    <ClInclude Include="src\DULuaprint.h">
      <Filter>源文件</Filter>
    </ClInclude>
    <ClInclude Include="src\lua-modules\lua_glog.h">
      <Filter>lua-modules\glog</Filter>
    </ClInclude>
  </ItemGroup>
  <ItemGroup>
    <None Include="..\external\lua\Makefile">
      <Filter>module\lua</Filter>
    </None>
    <None Include="..\..\client\frameworks\runtime-src\Classes\lua-modules\pbc\pbc\pbc-Prefix.pch">
      <Filter>lua-modules\pbc\pbc</Filter>
    </None>
  </ItemGroup>
</Project>