
Microsoft Visual Studio Solution File, Format Version 12.00
# Visual Studio 14
VisualStudioVersion = 14.0.25420.1
MinimumVisualStudioVersion = 10.0.40219.1
Project("{8BC9CEB8-8B4A-11D0-8D11-00A0C91BC942}") = "server", "server\server.vcxproj", "{32EC5964-F224-420C-86DD-16D5EAA77381}"
	ProjectSection(ProjectDependencies) = postProject
		{DF16185B-166D-4FD7-9BAE-51FBBA834FD6} = {DF16185B-166D-4FD7-9BAE-51FBBA834FD6}
	EndProjectSection
EndProject
Project("{8BC9CEB8-8B4A-11D0-8D11-00A0C91BC942}") = "glog", "thirdparty\pro\glog\glog.vcxproj", "{DF16185B-166D-4FD7-9BAE-51FBBA834FD6}"
EndProject
Project("{2150E333-8FDC-42A3-9474-1A3956D46DE8}") = "thirdparty", "thirdparty", "{9BAB237A-0147-455D-A8D5-4BE13BA6FD28}"
EndProject
Global
	GlobalSection(SolutionConfigurationPlatforms) = preSolution
		Debug|x64 = Debug|x64
		Debug|x86 = Debug|x86
		Release|x64 = Release|x64
		Release|x86 = Release|x86
	EndGlobalSection
	GlobalSection(ProjectConfigurationPlatforms) = postSolution
		{32EC5964-F224-420C-86DD-16D5EAA77381}.Debug|x64.ActiveCfg = Debug|x64
		{32EC5964-F224-420C-86DD-16D5EAA77381}.Debug|x64.Build.0 = Debug|x64
		{32EC5964-F224-420C-86DD-16D5EAA77381}.Debug|x86.ActiveCfg = Debug|Win32
		{32EC5964-F224-420C-86DD-16D5EAA77381}.Debug|x86.Build.0 = Debug|Win32
		{32EC5964-F224-420C-86DD-16D5EAA77381}.Release|x64.ActiveCfg = Release|x64
		{32EC5964-F224-420C-86DD-16D5EAA77381}.Release|x64.Build.0 = Release|x64
		{32EC5964-F224-420C-86DD-16D5EAA77381}.Release|x86.ActiveCfg = Release|Win32
		{32EC5964-F224-420C-86DD-16D5EAA77381}.Release|x86.Build.0 = Release|Win32
		{DF16185B-166D-4FD7-9BAE-51FBBA834FD6}.Debug|x64.ActiveCfg = Debug|x64
		{DF16185B-166D-4FD7-9BAE-51FBBA834FD6}.Debug|x64.Build.0 = Debug|x64
		{DF16185B-166D-4FD7-9BAE-51FBBA834FD6}.Debug|x86.ActiveCfg = Debug|Win32
		{DF16185B-166D-4FD7-9BAE-51FBBA834FD6}.Debug|x86.Build.0 = Debug|Win32
		{DF16185B-166D-4FD7-9BAE-51FBBA834FD6}.Release|x64.ActiveCfg = Release|x64
		{DF16185B-166D-4FD7-9BAE-51FBBA834FD6}.Release|x64.Build.0 = Release|x64
		{DF16185B-166D-4FD7-9BAE-51FBBA834FD6}.Release|x86.ActiveCfg = Release|Win32
		{DF16185B-166D-4FD7-9BAE-51FBBA834FD6}.Release|x86.Build.0 = Release|Win32
	EndGlobalSection
	GlobalSection(SolutionProperties) = preSolution
		HideSolutionNode = FALSE
	EndGlobalSection
	GlobalSection(NestedProjects) = preSolution
		{DF16185B-166D-4FD7-9BAE-51FBBA834FD6} = {9BAB237A-0147-455D-A8D5-4BE13BA6FD28}
	EndGlobalSection
EndGlobal
