<?xml version="1.0" encoding="utf-8"?>
<Project ToolsVersion="4.0" xmlns="http://schemas.microsoft.com/developer/msbuild/2003">
  <ItemGroup>
    <Filter Include="Classes">
      <UniqueIdentifier>{fc5cb953-2953-4968-83b3-39e3ff951754}</UniqueIdentifier>
    </Filter>
    <Filter Include="win32">
      <UniqueIdentifier>{037a9a02-b906-4cc5-ad98-304acd4e25ee}</UniqueIdentifier>
    </Filter>
    <Filter Include="resource">
      <UniqueIdentifier>{2d1d0979-58cd-4ab6-b91c-13650158f1fa}</UniqueIdentifier>
    </Filter>
    <Filter Include="Classes\lua_function">
      <UniqueIdentifier>{ab3a327d-81a1-4db4-8a64-05c5a1fecb21}</UniqueIdentifier>
    </Filter>
    <Filter Include="Classes\lua_modules">
      <UniqueIdentifier>{954b3c46-e100-44c2-85dc-185446f6f7ff}</UniqueIdentifier>
    </Filter>
    <Filter Include="Classes\lua_modules\bit">
      <UniqueIdentifier>{4cf09d61-5a7c-43ff-b277-fc3356a394fb}</UniqueIdentifier>
    </Filter>
    <Filter Include="Classes\lua_modules\cjson">
      <UniqueIdentifier>{844f976e-fd92-4388-85f0-4fdfa2ac77cb}</UniqueIdentifier>
    </Filter>
    <Filter Include="Classes\lua_modules\lfs">
      <UniqueIdentifier>{92e9fd80-715a-415e-be6a-7a5fea7d0f1b}</UniqueIdentifier>
    </Filter>
    <Filter Include="Classes\lua_modules\pbc">
      <UniqueIdentifier>{f2587aa7-f9fd-48f1-8c45-aa91323a9404}</UniqueIdentifier>
    </Filter>
    <Filter Include="Classes\lua_modules\pbc\binding">
      <UniqueIdentifier>{6f83ebca-893a-40b1-a830-883f0bc6809f}</UniqueIdentifier>
    </Filter>
    <Filter Include="Classes\lua_modules\pbc\binding\lua">
      <UniqueIdentifier>{51c5bf5c-c294-420e-83d3-847421933b0c}</UniqueIdentifier>
    </Filter>
    <Filter Include="Classes\lua_modules\pbc\pbc">
      <UniqueIdentifier>{4c7a1b60-a567-4e7f-a282-fbea1fb8277a}</UniqueIdentifier>
    </Filter>
    <Filter Include="Classes\lua_modules\pbc\src">
      <UniqueIdentifier>{4df1e2f0-8219-4818-bd05-907362494e46}</UniqueIdentifier>
    </Filter>
    <Filter Include="Classes\anax">
      <UniqueIdentifier>{2014f6ce-1925-4ecd-a12f-1318c7637d22}</UniqueIdentifier>
    </Filter>
    <Filter Include="Classes\anax\include">
      <UniqueIdentifier>{b6cd6f4b-7f49-48fc-b5ff-25a4c9f74fac}</UniqueIdentifier>
    </Filter>
    <Filter Include="Classes\anax\src">
      <UniqueIdentifier>{752b40de-bf5e-4b9b-b1cf-a3cbadf595ee}</UniqueIdentifier>
    </Filter>
    <Filter Include="Classes\anax\include\anax">
      <UniqueIdentifier>{2ff007a0-cdd6-4a49-90d5-4b9fb637fb6e}</UniqueIdentifier>
    </Filter>
    <Filter Include="Classes\anax\src\anax">
      <UniqueIdentifier>{eb5d3925-1caf-409d-aafd-2e7d7ddacd10}</UniqueIdentifier>
    </Filter>
    <Filter Include="Classes\anax\src\anax\detail">
      <UniqueIdentifier>{aacfa8d0-bc59-4702-9ae6-172c3c8f260a}</UniqueIdentifier>
    </Filter>
    <Filter Include="Classes\anax\include\anax\detail">
      <UniqueIdentifier>{83737329-8dff-447f-b0f7-ac2b3fa31ab1}</UniqueIdentifier>
    </Filter>
    <Filter Include="Classes\anax\include\anax\util">
      <UniqueIdentifier>{c50c70c1-3cb2-4443-a649-c388bde33e00}</UniqueIdentifier>
    </Filter>
    <Filter Include="Classes\ecs">
      <UniqueIdentifier>{3e42a9a7-17c9-430b-9c5b-1d58c20b2dc4}</UniqueIdentifier>
    </Filter>
    <Filter Include="Classes\ecs\system">
      <UniqueIdentifier>{0ffbed75-a28f-460f-9d6a-562ca5eafdf0}</UniqueIdentifier>
    </Filter>
    <Filter Include="Classes\ecs\components">
      <UniqueIdentifier>{632d610d-9633-446f-a0aa-b8e4b33cb3aa}</UniqueIdentifier>
    </Filter>
    <Filter Include="Classes\foundation">
      <UniqueIdentifier>{f49a5fea-0ae5-4f95-91b7-a70ccb7313c1}</UniqueIdentifier>
    </Filter>
    <Filter Include="Classes\lua_modules\ecs">
      <UniqueIdentifier>{7dc02833-5242-4dbb-b6c2-9d552378778e}</UniqueIdentifier>
    </Filter>
    <Filter Include="Classes\lua_modules\foundation">
      <UniqueIdentifier>{24430528-c672-4085-88e4-ec5885d0f46b}</UniqueIdentifier>
    </Filter>
    <Filter Include="Classes\assets">
      <UniqueIdentifier>{aa5b1078-53c2-4b64-8d79-73a4498d80d0}</UniqueIdentifier>
    </Filter>
    <Filter Include="Classes\lua_modules\assets">
      <UniqueIdentifier>{0f0faefc-3342-4d9d-b135-0b03acdf0d78}</UniqueIdentifier>
    </Filter>
    <Filter Include="Classes\lua_modules\http">
      <UniqueIdentifier>{0e4147f9-b2a4-4e14-bcd1-575eb895a6be}</UniqueIdentifier>
    </Filter>
    <Filter Include="Classes\lua_modules\md5">
      <UniqueIdentifier>{dc134f6c-dc63-42ce-a631-f664942a38b1}</UniqueIdentifier>
    </Filter>
    <Filter Include="Classes\ext">
      <UniqueIdentifier>{e89ccd5f-c451-4d73-8e13-0ab722d33729}</UniqueIdentifier>
    </Filter>
    <Filter Include="Classes\foundation\math">
      <UniqueIdentifier>{f0f9df3d-6c6b-42da-a539-b11f7a861565}</UniqueIdentifier>
    </Filter>
    <Filter Include="Classes\ecs\utils">
      <UniqueIdentifier>{7a3eb1c2-fe6b-4aaa-8fa9-0332c73ff8b1}</UniqueIdentifier>
    </Filter>
    <Filter Include="Classes\ecs\utils\physics">
      <UniqueIdentifier>{787702de-faf7-4ce2-922d-2432ba9159a5}</UniqueIdentifier>
    </Filter>
    <Filter Include="Classes\foundation\animator">
      <UniqueIdentifier>{4bddeb0c-ef4a-49c3-ad7c-3256a063b951}</UniqueIdentifier>
    </Filter>
    <Filter Include="Classes\foundation\file">
      <UniqueIdentifier>{b626e33d-9c88-44a7-9fca-516b2c6e37e9}</UniqueIdentifier>
    </Filter>
    <Filter Include="Classes\test">
      <UniqueIdentifier>{0c10596b-6987-4449-807c-295d14bb0248}</UniqueIdentifier>
    </Filter>
    <Filter Include="Classes\foundation\fsm">
      <UniqueIdentifier>{e4265a7f-411c-420f-a843-9ab330e7426e}</UniqueIdentifier>
    </Filter>
    <Filter Include="Classes\foundation\render">
      <UniqueIdentifier>{e4d48ef9-0e75-4447-b05a-0c2237d83b5b}</UniqueIdentifier>
    </Filter>
    <Filter Include="Classes\game">
      <UniqueIdentifier>{5aff2268-bd0b-453e-8063-0841e20509d6}</UniqueIdentifier>
    </Filter>
    <Filter Include="Classes\ecs\utils\animator">
      <UniqueIdentifier>{4d790cc9-1a13-4444-946e-ca6045587b01}</UniqueIdentifier>
    </Filter>
    <Filter Include="Classes\foundation\allocator">
      <UniqueIdentifier>{3e8147c9-f9cb-416d-b405-5297473a2219}</UniqueIdentifier>
    </Filter>
    <Filter Include="Classes\ecs\utils\animator\dao">
      <UniqueIdentifier>{313f31e0-f754-46d9-8255-5fe604c07343}</UniqueIdentifier>
    </Filter>
    <Filter Include="Classes\opmsg">
      <UniqueIdentifier>{57c4aabc-274b-4ad3-90bd-15f641b69970}</UniqueIdentifier>
    </Filter>
    <Filter Include="Classes\ecs\utils\buffer">
      <UniqueIdentifier>{6fb2908c-b1a8-4d87-a048-05786a7bbebe}</UniqueIdentifier>
    </Filter>
  </ItemGroup>
  <ItemGroup>
    <ClInclude Include="..\Classes\AppDelegate.h">
      <Filter>Classes</Filter>
    </ClInclude>
    <ClInclude Include="main.h">
      <Filter>win32</Filter>
    </ClInclude>
    <ClInclude Include="resource.h" />
    <ClInclude Include="SimulatorWin.h" />
    <ClInclude Include="stdafx.h">
      <Filter>win32</Filter>
    </ClInclude>
    <ClInclude Include="targetver.h">
      <Filter>win32</Filter>
    </ClInclude>
    <ClInclude Include="..\Classes\ide-support\CodeIDESupport.h">
      <Filter>Classes</Filter>
    </ClInclude>
    <ClInclude Include="..\Classes\ide-support\lua_debugger.h">
      <Filter>Classes</Filter>
    </ClInclude>
    <ClInclude Include="..\Classes\ide-support\RuntimeLuaImpl.h">
      <Filter>Classes</Filter>
    </ClInclude>
    <ClInclude Include="..\Classes\lua_function\LuaFunctionBond.h">
      <Filter>Classes\lua_function</Filter>
    </ClInclude>
    <ClInclude Include="..\Classes\lua_function\LuaFunction.h">
      <Filter>Classes\lua_function</Filter>
    </ClInclude>
    <ClInclude Include="..\Classes\lua_function\tolua_ext.h">
      <Filter>Classes\lua_function</Filter>
    </ClInclude>
    <ClInclude Include="..\Classes\lua_modules\cjson\lua_cjson.h">
      <Filter>Classes\lua_modules\cjson</Filter>
    </ClInclude>
    <ClInclude Include="..\Classes\lua_modules\cjson\strbuf.h">
      <Filter>Classes\lua_modules\cjson</Filter>
    </ClInclude>
    <ClInclude Include="..\Classes\lua_modules\cjson\fpconv.h">
      <Filter>Classes\lua_modules\cjson</Filter>
    </ClInclude>
    <ClInclude Include="..\Classes\lua_modules\lfs\lfs.h">
      <Filter>Classes\lua_modules\lfs</Filter>
    </ClInclude>
    <ClInclude Include="..\Classes\lua_modules\pbc\src\descriptor.pbc.h">
      <Filter>Classes\lua_modules\pbc\src</Filter>
    </ClInclude>
    <ClInclude Include="..\Classes\lua_modules\pbc\src\map.h">
      <Filter>Classes\lua_modules\pbc\src</Filter>
    </ClInclude>
    <ClInclude Include="..\Classes\lua_modules\pbc\src\pattern.h">
      <Filter>Classes\lua_modules\pbc\src</Filter>
    </ClInclude>
    <ClInclude Include="..\Classes\lua_modules\pbc\src\proto.h">
      <Filter>Classes\lua_modules\pbc\src</Filter>
    </ClInclude>
    <ClInclude Include="..\Classes\lua_modules\pbc\src\stringpool.h">
      <Filter>Classes\lua_modules\pbc\src</Filter>
    </ClInclude>
    <ClInclude Include="..\Classes\lua_modules\pbc\src\varint.h">
      <Filter>Classes\lua_modules\pbc\src</Filter>
    </ClInclude>
    <ClInclude Include="..\Classes\lua_modules\pbc\src\alloc.h">
      <Filter>Classes\lua_modules\pbc\src</Filter>
    </ClInclude>
    <ClInclude Include="..\Classes\lua_modules\pbc\src\array.h">
      <Filter>Classes\lua_modules\pbc\src</Filter>
    </ClInclude>
    <ClInclude Include="..\Classes\lua_modules\pbc\src\bootstrap.h">
      <Filter>Classes\lua_modules\pbc\src</Filter>
    </ClInclude>
    <ClInclude Include="..\Classes\lua_modules\pbc\src\context.h">
      <Filter>Classes\lua_modules\pbc\src</Filter>
    </ClInclude>
    <ClInclude Include="..\Classes\lua_modules\pbc\pbc.h">
      <Filter>Classes\lua_modules\pbc</Filter>
    </ClInclude>
    <ClInclude Include="..\Classes\lua_modules\lua_modules.h">
      <Filter>Classes\lua_modules</Filter>
    </ClInclude>
    <ClInclude Include="..\Classes\anax\include\anax\Component.hpp">
      <Filter>Classes\anax\include</Filter>
    </ClInclude>
    <ClInclude Include="..\Classes\anax\include\anax\Config.hpp">
      <Filter>Classes\anax\include</Filter>
    </ClInclude>
    <ClInclude Include="..\Classes\anax\include\anax\Entity.hpp">
      <Filter>Classes\anax\include</Filter>
    </ClInclude>
    <ClInclude Include="..\Classes\anax\include\anax\FilterOptions.hpp">
      <Filter>Classes\anax\include</Filter>
    </ClInclude>
    <ClInclude Include="..\Classes\anax\include\anax\System.hpp">
      <Filter>Classes\anax\include</Filter>
    </ClInclude>
    <ClInclude Include="..\Classes\anax\include\anax\World.hpp">
      <Filter>Classes\anax\include</Filter>
    </ClInclude>
    <ClInclude Include="..\Classes\anax\include\anax\anax.hpp">
      <Filter>Classes\anax\include</Filter>
    </ClInclude>
    <ClInclude Include="..\Classes\anax\include\anax\ClassReflect.h">
      <Filter>Classes\anax\include</Filter>
    </ClInclude>
    <ClInclude Include="..\Classes\anax\include\anax\detail\ClassTypeId.hpp">
      <Filter>Classes\anax\include\anax\detail</Filter>
    </ClInclude>
    <ClInclude Include="..\Classes\anax\include\anax\detail\ComponentTypeList.hpp">
      <Filter>Classes\anax\include\anax\detail</Filter>
    </ClInclude>
    <ClInclude Include="..\Classes\anax\include\anax\detail\EntityComponentStorage.hpp">
      <Filter>Classes\anax\include\anax\detail</Filter>
    </ClInclude>
    <ClInclude Include="..\Classes\anax\include\anax\detail\EntityIdPool.hpp">
      <Filter>Classes\anax\include\anax\detail</Filter>
    </ClInclude>
    <ClInclude Include="..\Classes\anax\include\anax\detail\Filter.hpp">
      <Filter>Classes\anax\include\anax\detail</Filter>
    </ClInclude>
    <ClInclude Include="..\Classes\anax\include\anax\detail\AnaxAssert.hpp">
      <Filter>Classes\anax\include\anax\detail</Filter>
    </ClInclude>
    <ClInclude Include="..\Classes\anax\include\anax\detail\BaseSystem.hpp">
      <Filter>Classes\anax\include\anax\detail</Filter>
    </ClInclude>
    <ClInclude Include="..\Classes\anax\include\anax\util\ContainerUtils.hpp">
      <Filter>Classes\anax\include\anax\util</Filter>
    </ClInclude>
    <ClInclude Include="..\Classes\ecs\anaxHelper.h">
      <Filter>Classes\ecs</Filter>
    </ClInclude>
    <ClInclude Include="..\Classes\lua_modules\ecs\lua_ecs.h">
      <Filter>Classes\lua_modules\ecs</Filter>
    </ClInclude>
    <ClInclude Include="..\Classes\lua_modules\foundation\lua_foundation.h">
      <Filter>Classes\lua_modules\foundation</Filter>
    </ClInclude>
    <ClInclude Include="..\Classes\foundation\GameMacro.h">
      <Filter>Classes\foundation</Filter>
    </ClInclude>
    <ClInclude Include="..\Classes\foundation\ParticleSystemHelper.h">
      <Filter>Classes\foundation</Filter>
    </ClInclude>
    <ClInclude Include="..\Classes\assets\GameAssetsManager.h">
      <Filter>Classes\assets</Filter>
    </ClInclude>
    <ClInclude Include="..\Classes\assets\GameAssetsManagerEvent.h">
      <Filter>Classes\assets</Filter>
    </ClInclude>
    <ClInclude Include="..\Classes\assets\GameAssetsManagerEventListener.h">
      <Filter>Classes\assets</Filter>
    </ClInclude>
    <ClInclude Include="..\Classes\assets\GameManifest.h">
      <Filter>Classes\assets</Filter>
    </ClInclude>
    <ClInclude Include="..\Classes\lua_modules\assets\game_assets_tolua.h">
      <Filter>Classes\lua_modules\assets</Filter>
    </ClInclude>
    <ClInclude Include="..\Classes\lua_modules\http\lua_http.hpp">
      <Filter>Classes\lua_modules\http</Filter>
    </ClInclude>
    <ClInclude Include="..\Classes\lua_modules\md5\lua_md5.hpp">
      <Filter>Classes\lua_modules\md5</Filter>
    </ClInclude>
    <ClInclude Include="..\Classes\lua_modules\md5\md5.h">
      <Filter>Classes\lua_modules\md5</Filter>
    </ClInclude>
    <ClInclude Include="..\Classes\foundation\CTools.h">
      <Filter>Classes\foundation</Filter>
    </ClInclude>
    <ClInclude Include="..\Classes\ext\MyButton.h">
      <Filter>Classes\ext</Filter>
    </ClInclude>
    <ClInclude Include="..\Classes\GCommon.h">
      <Filter>Classes</Filter>
    </ClInclude>
    <ClInclude Include="..\Classes\foundation\math\GVec2.h">
      <Filter>Classes\foundation\math</Filter>
    </ClInclude>
    <ClInclude Include="..\Classes\foundation\math\GMat2.h">
      <Filter>Classes\foundation\math</Filter>
    </ClInclude>
    <ClInclude Include="..\Classes\foundation\math\GVec3.h">
      <Filter>Classes\foundation\math</Filter>
    </ClInclude>
    <ClInclude Include="..\Classes\foundation\math\GMath.h">
      <Filter>Classes\foundation\math</Filter>
    </ClInclude>
    <ClInclude Include="..\Classes\foundation\math\GMathCommon.h">
      <Filter>Classes\foundation\math</Filter>
    </ClInclude>
    <ClInclude Include="..\Classes\ecs\utils\physics\GShape.h">
      <Filter>Classes\ecs\utils\physics</Filter>
    </ClInclude>
    <ClInclude Include="..\Classes\foundation\animator\GAnimData.h">
      <Filter>Classes\foundation\animator</Filter>
    </ClInclude>
    <ClInclude Include="..\Classes\foundation\file\GFileUtiles.h">
      <Filter>Classes\foundation\file</Filter>
    </ClInclude>
    <ClInclude Include="..\Classes\foundation\animator\GAnimCMD.h">
      <Filter>Classes\foundation\animator</Filter>
    </ClInclude>
    <ClInclude Include="..\Classes\test\TestArmature.h">
      <Filter>Classes\test</Filter>
    </ClInclude>
    <ClInclude Include="..\Classes\ecs\utils\physics\GManifold.h">
      <Filter>Classes\ecs\utils\physics</Filter>
    </ClInclude>
    <ClInclude Include="..\Classes\ecs\utils\physics\GCollision.h">
      <Filter>Classes\ecs\utils\physics</Filter>
    </ClInclude>
    <ClInclude Include="..\Classes\test\TestPhysics.h">
      <Filter>Classes\test</Filter>
    </ClInclude>
    <ClInclude Include="..\Classes\test\TestSIMPhys.h">
      <Filter>Classes\test</Filter>
    </ClInclude>
    <ClInclude Include="..\Classes\foundation\fsm\GState.h">
      <Filter>Classes\foundation\fsm</Filter>
    </ClInclude>
    <ClInclude Include="..\Classes\foundation\fsm\GTranslation.h">
      <Filter>Classes\foundation\fsm</Filter>
    </ClInclude>
    <ClInclude Include="..\Classes\foundation\fsm\GFSM.h">
      <Filter>Classes\foundation\fsm</Filter>
    </ClInclude>
    <ClInclude Include="..\Classes\foundation\render\GMapLayer.h">
      <Filter>Classes\foundation\render</Filter>
    </ClInclude>
    <ClInclude Include="..\Classes\game\GGameLayer.h">
      <Filter>Classes\game</Filter>
    </ClInclude>
    <ClInclude Include="..\Classes\game\GGameWorld.h">
      <Filter>Classes\game</Filter>
    </ClInclude>
    <ClInclude Include="..\Classes\foundation\render\GVirtualCamera.h">
      <Filter>Classes\foundation\render</Filter>
    </ClInclude>
    <ClInclude Include="..\Classes\foundation\allocator\GBlockAllocator.h">
      <Filter>Classes\foundation\allocator</Filter>
    </ClInclude>
    <ClInclude Include="..\Classes\foundation\fsm\GAnimatorTranslation.h">
      <Filter>Classes\foundation\fsm</Filter>
    </ClInclude>
    <ClInclude Include="..\Classes\foundation\fsm\GAnimatorCondition.h">
      <Filter>Classes\foundation\fsm</Filter>
    </ClInclude>
    <ClInclude Include="..\Classes\foundation\fsm\GAnimatorParams.h">
      <Filter>Classes\foundation\fsm</Filter>
    </ClInclude>
    <ClInclude Include="..\Classes\foundation\fsm\GAnimatorState.h">
      <Filter>Classes\foundation\fsm</Filter>
    </ClInclude>
    <ClInclude Include="..\Classes\foundation\fsm\GAnimatorStateMachine.h">
      <Filter>Classes\foundation\fsm</Filter>
    </ClInclude>
    <ClInclude Include="..\Classes\ecs\utils\animator\GActorStateMachine.h">
      <Filter>Classes\ecs\utils\animator</Filter>
    </ClInclude>
    <ClInclude Include="..\Classes\ecs\utils\animator\GAniStateDef.h">
      <Filter>Classes\ecs\utils\animator</Filter>
    </ClInclude>
    <ClInclude Include="..\Classes\ecs\utils\animator\dao\DaoStateMachine.h">
      <Filter>Classes\ecs\utils\animator\dao</Filter>
    </ClInclude>
    <ClInclude Include="..\Classes\ecs\utils\ArmatureUtils.h">
      <Filter>Classes\ecs\utils</Filter>
    </ClInclude>
    <ClInclude Include="..\Classes\ecs\utils\CommonUtils.h">
      <Filter>Classes\ecs\utils</Filter>
    </ClInclude>
    <ClInclude Include="..\Classes\ecs\utils\GAniName.h">
      <Filter>Classes\ecs\utils</Filter>
    </ClInclude>
    <ClInclude Include="..\Classes\opmsg\GOPMsgQue.h">
      <Filter>Classes\opmsg</Filter>
    </ClInclude>
    <ClInclude Include="..\Classes\opmsg\GOPMsg.h">
      <Filter>Classes\opmsg</Filter>
    </ClInclude>
    <ClInclude Include="..\Classes\ecs\components\FilterBitsComponent.h">
      <Filter>Classes\ecs\components</Filter>
    </ClInclude>
    <ClInclude Include="..\Classes\ecs\components\GlobalComponent.h">
      <Filter>Classes\ecs\components</Filter>
    </ClInclude>
    <ClInclude Include="..\Classes\ecs\components\InjuryListComponent.h">
      <Filter>Classes\ecs\components</Filter>
    </ClInclude>
    <ClInclude Include="..\Classes\ecs\components\InputComponent.h">
      <Filter>Classes\ecs\components</Filter>
    </ClInclude>
    <ClInclude Include="..\Classes\ecs\components\PropertyComponent.h">
      <Filter>Classes\ecs\components</Filter>
    </ClInclude>
    <ClInclude Include="..\Classes\ecs\components\SIMPhysComponent.h">
      <Filter>Classes\ecs\components</Filter>
    </ClInclude>
    <ClInclude Include="..\Classes\ecs\components\TransformComponent.h">
      <Filter>Classes\ecs\components</Filter>
    </ClInclude>
    <ClInclude Include="..\Classes\ecs\components\ArmatureComponent.h">
      <Filter>Classes\ecs\components</Filter>
    </ClInclude>
    <ClInclude Include="..\Classes\ecs\components\BodyComponent.h">
      <Filter>Classes\ecs\components</Filter>
    </ClInclude>
    <ClInclude Include="..\Classes\ecs\components\BuffComponent.h">
      <Filter>Classes\ecs\components</Filter>
    </ClInclude>
    <ClInclude Include="..\Classes\ecs\system\ArmatureDebugSystem.h">
      <Filter>Classes\ecs\system</Filter>
    </ClInclude>
    <ClInclude Include="..\Classes\ecs\system\ArmatureRenderSystem.h">
      <Filter>Classes\ecs\system</Filter>
    </ClInclude>
    <ClInclude Include="..\Classes\ecs\system\ArmatureSystem.h">
      <Filter>Classes\ecs\system</Filter>
    </ClInclude>
    <ClInclude Include="..\Classes\ecs\system\BuffSystem.h">
      <Filter>Classes\ecs\system</Filter>
    </ClInclude>
    <ClInclude Include="..\Classes\ecs\system\CollisionSystem.h">
      <Filter>Classes\ecs\system</Filter>
    </ClInclude>
    <ClInclude Include="..\Classes\ecs\system\GlobalSystem.h">
      <Filter>Classes\ecs\system</Filter>
    </ClInclude>
    <ClInclude Include="..\Classes\ecs\system\InputSystem.h">
      <Filter>Classes\ecs\system</Filter>
    </ClInclude>
    <ClInclude Include="..\Classes\ecs\system\PhysicsSystem.h">
      <Filter>Classes\ecs\system</Filter>
    </ClInclude>
    <ClInclude Include="..\Classes\ecs\system\SIMPhysSystem.h">
      <Filter>Classes\ecs\system</Filter>
    </ClInclude>
    <ClInclude Include="..\Classes\ecs\system\SkillInjurySystem.h">
      <Filter>Classes\ecs\system</Filter>
    </ClInclude>
    <ClInclude Include="..\Classes\ecs\system\TransformSyncSystem.h">
      <Filter>Classes\ecs\system</Filter>
    </ClInclude>
    <ClInclude Include="..\Classes\ecs\system\UpdateSystem.h">
      <Filter>Classes\ecs\system</Filter>
    </ClInclude>
    <ClInclude Include="..\Classes\ecs\system\UUIDSystem.h">
      <Filter>Classes\ecs\system</Filter>
    </ClInclude>
    <ClInclude Include="..\Classes\ecs\utils\buff\Buff.h">
      <Filter>Classes\ecs\utils\buffer</Filter>
    </ClInclude>
  </ItemGroup>
  <ItemGroup>
    <ClCompile Include="..\Classes\AppDelegate.cpp">
      <Filter>Classes</Filter>
    </ClCompile>
    <ClCompile Include="main.cpp">
      <Filter>win32</Filter>
    </ClCompile>
    <ClCompile Include="SimulatorWin.cpp" />
    <ClCompile Include="stdafx.cpp">
      <Filter>win32</Filter>
    </ClCompile>
    <ClCompile Include="..\Classes\ide-support\lua_debugger.c">
      <Filter>Classes</Filter>
    </ClCompile>
    <ClCompile Include="..\Classes\ide-support\RuntimeLuaImpl.cpp">
      <Filter>Classes</Filter>
    </ClCompile>
    <ClCompile Include="..\Classes\lua_function\LuaFunctionBond.cpp">
      <Filter>Classes\lua_function</Filter>
    </ClCompile>
    <ClCompile Include="..\Classes\lua_function\LuaFunction.cpp">
      <Filter>Classes\lua_function</Filter>
    </ClCompile>
    <ClCompile Include="..\Classes\lua_function\tolua_ext.cpp">
      <Filter>Classes\lua_function</Filter>
    </ClCompile>
    <ClCompile Include="..\Classes\lua_modules\bit\bit.c">
      <Filter>Classes\lua_modules\bit</Filter>
    </ClCompile>
    <ClCompile Include="..\Classes\lua_modules\cjson\lua_cjson.c">
      <Filter>Classes\lua_modules\cjson</Filter>
    </ClCompile>
    <ClCompile Include="..\Classes\lua_modules\cjson\strbuf.c">
      <Filter>Classes\lua_modules\cjson</Filter>
    </ClCompile>
    <ClCompile Include="..\Classes\lua_modules\cjson\fpconv.c">
      <Filter>Classes\lua_modules\cjson</Filter>
    </ClCompile>
    <ClCompile Include="..\Classes\lua_modules\lfs\lfs.c">
      <Filter>Classes\lua_modules\lfs</Filter>
    </ClCompile>
    <ClCompile Include="..\Classes\lua_modules\pbc\binding\lua\pbc-lua.c">
      <Filter>Classes\lua_modules\pbc\binding\lua</Filter>
    </ClCompile>
    <ClCompile Include="..\Classes\lua_modules\pbc\src\decode.cpp">
      <Filter>Classes\lua_modules\pbc\src</Filter>
    </ClCompile>
    <ClCompile Include="..\Classes\lua_modules\pbc\src\map.cpp">
      <Filter>Classes\lua_modules\pbc\src</Filter>
    </ClCompile>
    <ClCompile Include="..\Classes\lua_modules\pbc\src\pattern.cpp">
      <Filter>Classes\lua_modules\pbc\src</Filter>
    </ClCompile>
    <ClCompile Include="..\Classes\lua_modules\pbc\src\proto.cpp">
      <Filter>Classes\lua_modules\pbc\src</Filter>
    </ClCompile>
    <ClCompile Include="..\Classes\lua_modules\pbc\src\register.cpp">
      <Filter>Classes\lua_modules\pbc\src</Filter>
    </ClCompile>
    <ClCompile Include="..\Classes\lua_modules\pbc\src\rmessage.cpp">
      <Filter>Classes\lua_modules\pbc\src</Filter>
    </ClCompile>
    <ClCompile Include="..\Classes\lua_modules\pbc\src\stringpool.cpp">
      <Filter>Classes\lua_modules\pbc\src</Filter>
    </ClCompile>
    <ClCompile Include="..\Classes\lua_modules\pbc\src\varint.cpp">
      <Filter>Classes\lua_modules\pbc\src</Filter>
    </ClCompile>
    <ClCompile Include="..\Classes\lua_modules\pbc\src\wmessage.cpp">
      <Filter>Classes\lua_modules\pbc\src</Filter>
    </ClCompile>
    <ClCompile Include="..\Classes\lua_modules\pbc\src\alloc.cpp">
      <Filter>Classes\lua_modules\pbc\src</Filter>
    </ClCompile>
    <ClCompile Include="..\Classes\lua_modules\pbc\src\array.cpp">
      <Filter>Classes\lua_modules\pbc\src</Filter>
    </ClCompile>
    <ClCompile Include="..\Classes\lua_modules\pbc\src\bootstrap.cpp">
      <Filter>Classes\lua_modules\pbc\src</Filter>
    </ClCompile>
    <ClCompile Include="..\Classes\lua_modules\pbc\src\context.cpp">
      <Filter>Classes\lua_modules\pbc\src</Filter>
    </ClCompile>
    <ClCompile Include="..\Classes\lua_modules\lua_modules.cpp">
      <Filter>Classes\lua_modules</Filter>
    </ClCompile>
    <ClCompile Include="..\Classes\anax\src\anax\detail\EntityIdPool.cpp">
      <Filter>Classes\anax\src\anax\detail</Filter>
    </ClCompile>
    <ClCompile Include="..\Classes\anax\src\anax\detail\Filter.cpp">
      <Filter>Classes\anax\src\anax\detail</Filter>
    </ClCompile>
    <ClCompile Include="..\Classes\anax\src\anax\detail\BaseSystem.cpp">
      <Filter>Classes\anax\src\anax\detail</Filter>
    </ClCompile>
    <ClCompile Include="..\Classes\anax\src\anax\detail\EntityComponentStorage.cpp">
      <Filter>Classes\anax\src\anax\detail</Filter>
    </ClCompile>
    <ClCompile Include="..\Classes\anax\src\anax\Entity.cpp">
      <Filter>Classes\anax\src\anax</Filter>
    </ClCompile>
    <ClCompile Include="..\Classes\anax\src\anax\World.cpp">
      <Filter>Classes\anax\src\anax</Filter>
    </ClCompile>
    <ClCompile Include="..\Classes\anax\src\anax\ClassReflect.cpp">
      <Filter>Classes\anax\src\anax</Filter>
    </ClCompile>
    <ClCompile Include="..\Classes\lua_modules\ecs\lua_ecs.cpp">
      <Filter>Classes\lua_modules\ecs</Filter>
    </ClCompile>
    <ClCompile Include="..\Classes\lua_modules\foundation\lua_foundation.cpp">
      <Filter>Classes\lua_modules\foundation</Filter>
    </ClCompile>
    <ClCompile Include="..\Classes\ecs\anaxHelper.cpp">
      <Filter>Classes\ecs</Filter>
    </ClCompile>
    <ClCompile Include="..\Classes\foundation\ParticleSystemHelper.cpp">
      <Filter>Classes\foundation</Filter>
    </ClCompile>
    <ClCompile Include="..\Classes\assets\GameAssetsManagerEvent.cpp">
      <Filter>Classes\assets</Filter>
    </ClCompile>
    <ClCompile Include="..\Classes\assets\GameAssetsManagerEventListener.cpp">
      <Filter>Classes\assets</Filter>
    </ClCompile>
    <ClCompile Include="..\Classes\assets\GameManifest.cpp">
      <Filter>Classes\assets</Filter>
    </ClCompile>
    <ClCompile Include="..\Classes\assets\GameAssetsManager.cpp">
      <Filter>Classes\assets</Filter>
    </ClCompile>
    <ClCompile Include="..\Classes\lua_modules\assets\game_assets_tolua.cpp">
      <Filter>Classes\lua_modules\assets</Filter>
    </ClCompile>
    <ClCompile Include="..\Classes\lua_modules\http\lua_http.cpp">
      <Filter>Classes\lua_modules\http</Filter>
    </ClCompile>
    <ClCompile Include="..\Classes\lua_modules\md5\md5.cpp">
      <Filter>Classes\lua_modules\md5</Filter>
    </ClCompile>
    <ClCompile Include="..\Classes\lua_modules\md5\lua_md5.cpp">
      <Filter>Classes\lua_modules\md5</Filter>
    </ClCompile>
    <ClCompile Include="..\Classes\foundation\CTools.cpp">
      <Filter>Classes\foundation</Filter>
    </ClCompile>
    <ClCompile Include="..\Classes\ext\MyButton.cpp">
      <Filter>Classes\ext</Filter>
    </ClCompile>
    <ClCompile Include="..\Classes\foundation\animator\GAnimData.cpp">
      <Filter>Classes\foundation\animator</Filter>
    </ClCompile>
    <ClCompile Include="..\Classes\foundation\file\GFileUtiles.cpp">
      <Filter>Classes\foundation\file</Filter>
    </ClCompile>
    <ClCompile Include="..\Classes\foundation\animator\GAnimCMD.cpp">
      <Filter>Classes\foundation\animator</Filter>
    </ClCompile>
    <ClCompile Include="..\Classes\test\TestArmature.cpp">
      <Filter>Classes\test</Filter>
    </ClCompile>
    <ClCompile Include="..\Classes\ecs\utils\physics\GShape.cpp">
      <Filter>Classes\ecs\utils\physics</Filter>
    </ClCompile>
    <ClCompile Include="..\Classes\ecs\utils\physics\GManifold.cpp">
      <Filter>Classes\ecs\utils\physics</Filter>
    </ClCompile>
    <ClCompile Include="..\Classes\ecs\utils\physics\GCollision.cpp">
      <Filter>Classes\ecs\utils\physics</Filter>
    </ClCompile>
    <ClCompile Include="..\Classes\test\TestPhysics.cpp">
      <Filter>Classes\test</Filter>
    </ClCompile>
    <ClCompile Include="..\Classes\test\TestSIMPhys.cpp">
      <Filter>Classes\test</Filter>
    </ClCompile>
    <ClCompile Include="..\Classes\foundation\fsm\GTranslation.cpp">
      <Filter>Classes\foundation\fsm</Filter>
    </ClCompile>
    <ClCompile Include="..\Classes\foundation\fsm\GState.cpp">
      <Filter>Classes\foundation\fsm</Filter>
    </ClCompile>
    <ClCompile Include="..\Classes\foundation\fsm\GFSM.cpp">
      <Filter>Classes\foundation\fsm</Filter>
    </ClCompile>
    <ClCompile Include="..\Classes\foundation\render\GMapLayer.cpp">
      <Filter>Classes\foundation\render</Filter>
    </ClCompile>
    <ClCompile Include="..\Classes\game\GGameLayer.cpp">
      <Filter>Classes\game</Filter>
    </ClCompile>
    <ClCompile Include="..\Classes\game\GGameWorld.cpp">
      <Filter>Classes\game</Filter>
    </ClCompile>
    <ClCompile Include="..\Classes\foundation\render\GVirtualCamera.cpp">
      <Filter>Classes\foundation\render</Filter>
    </ClCompile>
    <ClCompile Include="..\Classes\foundation\allocator\GBlockAllocator.cpp">
      <Filter>Classes\foundation\allocator</Filter>
    </ClCompile>
    <ClCompile Include="..\Classes\foundation\fsm\GAnimatorTranslation.cpp">
      <Filter>Classes\foundation\fsm</Filter>
    </ClCompile>
    <ClCompile Include="..\Classes\foundation\fsm\GAnimatorCondition.cpp">
      <Filter>Classes\foundation\fsm</Filter>
    </ClCompile>
    <ClCompile Include="..\Classes\foundation\fsm\GAnimatorParams.cpp">
      <Filter>Classes\foundation\fsm</Filter>
    </ClCompile>
    <ClCompile Include="..\Classes\foundation\fsm\GAnimatorState.cpp">
      <Filter>Classes\foundation\fsm</Filter>
    </ClCompile>
    <ClCompile Include="..\Classes\foundation\fsm\GAnimatorStateMachine.cpp">
      <Filter>Classes\foundation\fsm</Filter>
    </ClCompile>
    <ClCompile Include="..\Classes\game\GGameWorld_Init.cpp">
      <Filter>Classes\game</Filter>
    </ClCompile>
    <ClCompile Include="..\Classes\ecs\utils\animator\GActorStateMachine.cpp">
      <Filter>Classes\ecs\utils\animator</Filter>
    </ClCompile>
    <ClCompile Include="..\Classes\ecs\utils\animator\dao\DaoStateMachine.cpp">
      <Filter>Classes\ecs\utils\animator\dao</Filter>
    </ClCompile>
    <ClCompile Include="..\Classes\ecs\utils\CommonUtils.cpp">
      <Filter>Classes\ecs\utils</Filter>
    </ClCompile>
    <ClCompile Include="..\Classes\ecs\utils\ArmatureUtils.cpp">
      <Filter>Classes\ecs\utils</Filter>
    </ClCompile>
    <ClCompile Include="..\Classes\opmsg\GOPMsg.cpp">
      <Filter>Classes\opmsg</Filter>
    </ClCompile>
    <ClCompile Include="..\Classes\opmsg\GOPMsgQue.cpp">
      <Filter>Classes\opmsg</Filter>
    </ClCompile>
    <ClCompile Include="..\Classes\ecs\system\ArmatureSystem.cpp">
      <Filter>Classes\ecs\system</Filter>
    </ClCompile>
    <ClCompile Include="..\Classes\ecs\system\BuffSystem.cpp">
      <Filter>Classes\ecs\system</Filter>
    </ClCompile>
    <ClCompile Include="..\Classes\ecs\system\CollisionSystem.cpp">
      <Filter>Classes\ecs\system</Filter>
    </ClCompile>
    <ClCompile Include="..\Classes\ecs\system\GlobalSystem.cpp">
      <Filter>Classes\ecs\system</Filter>
    </ClCompile>
    <ClCompile Include="..\Classes\ecs\system\InputSystem.cpp">
      <Filter>Classes\ecs\system</Filter>
    </ClCompile>
    <ClCompile Include="..\Classes\ecs\system\PhysicsSystem.cpp">
      <Filter>Classes\ecs\system</Filter>
    </ClCompile>
    <ClCompile Include="..\Classes\ecs\system\SIMPhysSystem.cpp">
      <Filter>Classes\ecs\system</Filter>
    </ClCompile>
    <ClCompile Include="..\Classes\ecs\system\SkillInjurySystem.cpp">
      <Filter>Classes\ecs\system</Filter>
    </ClCompile>
    <ClCompile Include="..\Classes\ecs\system\TransformSyncSystem.cpp">
      <Filter>Classes\ecs\system</Filter>
    </ClCompile>
    <ClCompile Include="..\Classes\ecs\system\UpdateSystem.cpp">
      <Filter>Classes\ecs\system</Filter>
    </ClCompile>
    <ClCompile Include="..\Classes\ecs\system\UUIDSystem.cpp">
      <Filter>Classes\ecs\system</Filter>
    </ClCompile>
    <ClCompile Include="..\Classes\ecs\system\ArmatureDebugSystem.cpp">
      <Filter>Classes\ecs\system</Filter>
    </ClCompile>
    <ClCompile Include="..\Classes\ecs\system\ArmatureRenderSystem.cpp">
      <Filter>Classes\ecs\system</Filter>
    </ClCompile>
    <ClCompile Include="..\Classes\ecs\utils\buff\Buff.cpp">
      <Filter>Classes\ecs\utils\buffer</Filter>
    </ClCompile>
  </ItemGroup>
  <ItemGroup>
    <ResourceCompile Include="game.rc">
      <Filter>resource</Filter>
    </ResourceCompile>
  </ItemGroup>
  <ItemGroup>
    <Image Include="res\game.ico" />
  </ItemGroup>
  <ItemGroup>
    <None Include="..\Classes\lua_modules\pbc\pbc\pbc-Prefix.pch">
      <Filter>Classes\lua_modules\pbc\pbc</Filter>
    </None>
  </ItemGroup>
</Project>